// !$*UTF8*$!
{
	archiveVersion = 1;
	classes = {
	};
	objectVersion = 46;
	objects = {

/* Begin PBXBuildFile section */
		161409711B56F12C00680D9B /* Doctor.plist in Resources */ = {isa = PBXBuildFile; fileRef = 161409701B56F12C00680D9B /* Doctor.plist */; };
		161409731B56F1D400680D9B /* Request.plist in Resources */ = {isa = PBXBuildFile; fileRef = 161409721B56F1D400680D9B /* Request.plist */; };
		1631556E1B54411F00A4DCE9 /* RequestDAO.swift in Sources */ = {isa = PBXBuildFile; fileRef = 1631556D1B54411F00A4DCE9 /* RequestDAO.swift */; };
		163155701B54414F00A4DCE9 /* DoctorDAO.swift in Sources */ = {isa = PBXBuildFile; fileRef = 1631556F1B54414F00A4DCE9 /* DoctorDAO.swift */; };
		163155721B54416900A4DCE9 /* RequestStatusType.swift in Sources */ = {isa = PBXBuildFile; fileRef = 163155711B54416900A4DCE9 /* RequestStatusType.swift */; };
		163155741B54417700A4DCE9 /* Request.swift in Sources */ = {isa = PBXBuildFile; fileRef = 163155731B54417700A4DCE9 /* Request.swift */; };
		163155761B54418300A4DCE9 /* Doctor.swift in Sources */ = {isa = PBXBuildFile; fileRef = 163155751B54418300A4DCE9 /* Doctor.swift */; };
		16DDBC731B61470800BB4225 /* CryptoSwift.framework in Frameworks */ = {isa = PBXBuildFile; fileRef = 16DDBC6C1B61468A00BB4225 /* CryptoSwift.framework */; };
		3F3EFC941B56EC7B00AC55BC /* RequestSumaryVC.swift in Sources */ = {isa = PBXBuildFile; fileRef = 3F3EFC921B56EC7B00AC55BC /* RequestSumaryVC.swift */; };
		3F3EFC951B56EC7B00AC55BC /* RequestSumaryVC.xib in Resources */ = {isa = PBXBuildFile; fileRef = 3F3EFC931B56EC7B00AC55BC /* RequestSumaryVC.xib */; };
		3FD1A2AB1B569843005BC804 /* FeedVC.swift in Sources */ = {isa = PBXBuildFile; fileRef = 3FD1A2A91B569843005BC804 /* FeedVC.swift */; };
		3FD1A2AC1B569843005BC804 /* FeedVC.xib in Resources */ = {isa = PBXBuildFile; fileRef = 3FD1A2AA1B569843005BC804 /* FeedVC.xib */; };
		968259671B56F0BB008A5872 /* LogoRedeDor.png in Resources */ = {isa = PBXBuildFile; fileRef = 968259661B56F0BB008A5872 /* LogoRedeDor.png */; };
		A502673A1B56C43C00DA2B53 /* LoginVC.swift in Sources */ = {isa = PBXBuildFile; fileRef = A50267381B56C43C00DA2B53 /* LoginVC.swift */; };
		A502673B1B56C43C00DA2B53 /* LoginVC.xib in Resources */ = {isa = PBXBuildFile; fileRef = A50267391B56C43C00DA2B53 /* LoginVC.xib */; };
		A5D579381B56943D006098EA /* RegisterVC.swift in Sources */ = {isa = PBXBuildFile; fileRef = A5D579361B56943D006098EA /* RegisterVC.swift */; };
		A5D579391B56943D006098EA /* RegisterVC.xib in Resources */ = {isa = PBXBuildFile; fileRef = A5D579371B56943D006098EA /* RegisterVC.xib */; };
		A5D579401B5695E4006098EA /* RequestVC.swift in Sources */ = {isa = PBXBuildFile; fileRef = A5D5793E1B5695E4006098EA /* RequestVC.swift */; };
		A5D579411B5695E4006098EA /* RequestVC.xib in Resources */ = {isa = PBXBuildFile; fileRef = A5D5793F1B5695E4006098EA /* RequestVC.xib */; };
		ABA1AE371B5417AA00467491 /* AppDelegate.swift in Sources */ = {isa = PBXBuildFile; fileRef = ABA1AE361B5417AA00467491 /* AppDelegate.swift */; };
		ABA1AE3C1B5417AA00467491 /* Main.storyboard in Resources */ = {isa = PBXBuildFile; fileRef = ABA1AE3A1B5417AA00467491 /* Main.storyboard */; };
		ABA1AE3E1B5417AA00467491 /* Images.xcassets in Resources */ = {isa = PBXBuildFile; fileRef = ABA1AE3D1B5417AA00467491 /* Images.xcassets */; };
		ABA1AE411B5417AA00467491 /* LaunchScreen.xib in Resources */ = {isa = PBXBuildFile; fileRef = ABA1AE3F1B5417AA00467491 /* LaunchScreen.xib */; };
		ABA1AE4D1B5417AA00467491 /* AgendamentoCirurgiaTests.swift in Sources */ = {isa = PBXBuildFile; fileRef = ABA1AE4C1B5417AA00467491 /* AgendamentoCirurgiaTests.swift */; };
		ABFDFF2A1B5557EA00536CEF /* AudioToolbox.framework in Frameworks */ = {isa = PBXBuildFile; fileRef = ABFDFF291B5557EA00536CEF /* AudioToolbox.framework */; };
		ABFDFF2C1B5557F700536CEF /* CFNetwork.framework in Frameworks */ = {isa = PBXBuildFile; fileRef = ABFDFF2B1B5557F700536CEF /* CFNetwork.framework */; };
		ABFDFF2E1B55580300536CEF /* CoreGraphics.framework in Frameworks */ = {isa = PBXBuildFile; fileRef = ABFDFF2D1B55580300536CEF /* CoreGraphics.framework */; };
		ABFDFF301B55580D00536CEF /* CoreLocation.framework in Frameworks */ = {isa = PBXBuildFile; fileRef = ABFDFF2F1B55580D00536CEF /* CoreLocation.framework */; };
		ABFDFF321B55582800536CEF /* MobileCoreServices.framework in Frameworks */ = {isa = PBXBuildFile; fileRef = ABFDFF311B55582800536CEF /* MobileCoreServices.framework */; };
		ABFDFF341B55583600536CEF /* QuartzCore.framework in Frameworks */ = {isa = PBXBuildFile; fileRef = ABFDFF331B55583600536CEF /* QuartzCore.framework */; };
		ABFDFF361B55584200536CEF /* Security.framework in Frameworks */ = {isa = PBXBuildFile; fileRef = ABFDFF351B55584200536CEF /* Security.framework */; };
		ABFDFF381B55585100536CEF /* StoreKit.framework in Frameworks */ = {isa = PBXBuildFile; fileRef = ABFDFF371B55585100536CEF /* StoreKit.framework */; };
		ABFDFF3A1B55585F00536CEF /* SystemConfiguration.framework in Frameworks */ = {isa = PBXBuildFile; fileRef = ABFDFF391B55585F00536CEF /* SystemConfiguration.framework */; };
		ABFDFF3C1B55586B00536CEF /* libz.dylib in Frameworks */ = {isa = PBXBuildFile; fileRef = ABFDFF3B1B55586B00536CEF /* libz.dylib */; };
		ABFDFF3E1B55587B00536CEF /* libsqlite3.dylib in Frameworks */ = {isa = PBXBuildFile; fileRef = ABFDFF3D1B55587B00536CEF /* libsqlite3.dylib */; };
		ABFDFF511B55646900536CEF /* Bolts.framework in Frameworks */ = {isa = PBXBuildFile; fileRef = ABFDFF4F1B55646900536CEF /* Bolts.framework */; };
		ABFDFF521B55646900536CEF /* Parse.framework in Frameworks */ = {isa = PBXBuildFile; fileRef = ABFDFF501B55646900536CEF /* Parse.framework */; };
/* End PBXBuildFile section */

/* Begin PBXContainerItemProxy section */
		16DDBC6B1B61468A00BB4225 /* PBXContainerItemProxy */ = {
			isa = PBXContainerItemProxy;
			containerPortal = 16DDBC651B61468900BB4225 /* CryptoSwift.xcodeproj */;
			proxyType = 2;
			remoteGlobalIDString = 754BE45519693E190098E6F3;
			remoteInfo = CryptoSwift;
		};
		16DDBC6D1B61468A00BB4225 /* PBXContainerItemProxy */ = {
			isa = PBXContainerItemProxy;
			containerPortal = 16DDBC651B61468900BB4225 /* CryptoSwift.xcodeproj */;
			proxyType = 2;
			remoteGlobalIDString = 754BE46019693E190098E6F3;
			remoteInfo = CryptoSwiftTests;
		};
		ABA1AE471B5417AA00467491 /* PBXContainerItemProxy */ = {
			isa = PBXContainerItemProxy;
			containerPortal = ABA1AE291B5417AA00467491 /* Project object */;
			proxyType = 1;
			remoteGlobalIDString = ABA1AE301B5417AA00467491;
			remoteInfo = AgendamentoCirurgia;
		};
/* End PBXContainerItemProxy section */

/* Begin PBXFileReference section */
		161409701B56F12C00680D9B /* Doctor.plist */ = {isa = PBXFileReference; fileEncoding = 4; lastKnownFileType = text.plist.xml; path = Doctor.plist; sourceTree = "<group>"; };
		161409721B56F1D400680D9B /* Request.plist */ = {isa = PBXFileReference; fileEncoding = 4; lastKnownFileType = text.plist.xml; path = Request.plist; sourceTree = "<group>"; };
		1631556D1B54411F00A4DCE9 /* RequestDAO.swift */ = {isa = PBXFileReference; fileEncoding = 4; lastKnownFileType = sourcecode.swift; path = RequestDAO.swift; sourceTree = "<group>"; };
		1631556F1B54414F00A4DCE9 /* DoctorDAO.swift */ = {isa = PBXFileReference; fileEncoding = 4; lastKnownFileType = sourcecode.swift; path = DoctorDAO.swift; sourceTree = "<group>"; };
		163155711B54416900A4DCE9 /* RequestStatusType.swift */ = {isa = PBXFileReference; fileEncoding = 4; lastKnownFileType = sourcecode.swift; path = RequestStatusType.swift; sourceTree = "<group>"; };
		163155731B54417700A4DCE9 /* Request.swift */ = {isa = PBXFileReference; fileEncoding = 4; lastKnownFileType = sourcecode.swift; path = Request.swift; sourceTree = "<group>"; };
		163155751B54418300A4DCE9 /* Doctor.swift */ = {isa = PBXFileReference; fileEncoding = 4; lastKnownFileType = sourcecode.swift; path = Doctor.swift; sourceTree = "<group>"; };
		16DDBC651B61468900BB4225 /* CryptoSwift.xcodeproj */ = {isa = PBXFileReference; lastKnownFileType = "wrapper.pb-project"; name = CryptoSwift.xcodeproj; path = ../CryptoSwift/CryptoSwift.xcodeproj; sourceTree = "<group>"; };
		3F3EFC921B56EC7B00AC55BC /* RequestSumaryVC.swift */ = {isa = PBXFileReference; fileEncoding = 4; lastKnownFileType = sourcecode.swift; path = RequestSumaryVC.swift; sourceTree = "<group>"; };
		3F3EFC931B56EC7B00AC55BC /* RequestSumaryVC.xib */ = {isa = PBXFileReference; fileEncoding = 4; lastKnownFileType = file.xib; path = RequestSumaryVC.xib; sourceTree = "<group>"; };
		3FD1A2A91B569843005BC804 /* FeedVC.swift */ = {isa = PBXFileReference; fileEncoding = 4; lastKnownFileType = sourcecode.swift; path = FeedVC.swift; sourceTree = "<group>"; };
		3FD1A2AA1B569843005BC804 /* FeedVC.xib */ = {isa = PBXFileReference; fileEncoding = 4; lastKnownFileType = file.xib; path = FeedVC.xib; sourceTree = "<group>"; };
		968259661B56F0BB008A5872 /* LogoRedeDor.png */ = {isa = PBXFileReference; lastKnownFileType = image.png; path = LogoRedeDor.png; sourceTree = "<group>"; };
		A50267371B56BAE900DA2B53 /* MyriadPro-Regular.otf */ = {isa = PBXFileReference; lastKnownFileType = file; path = "MyriadPro-Regular.otf"; sourceTree = "<group>"; };
		A50267381B56C43C00DA2B53 /* LoginVC.swift */ = {isa = PBXFileReference; fileEncoding = 4; lastKnownFileType = sourcecode.swift; path = LoginVC.swift; sourceTree = "<group>"; };
		A50267391B56C43C00DA2B53 /* LoginVC.xib */ = {isa = PBXFileReference; fileEncoding = 4; lastKnownFileType = file.xib; path = LoginVC.xib; sourceTree = "<group>"; };
		A5D579361B56943D006098EA /* RegisterVC.swift */ = {isa = PBXFileReference; fileEncoding = 4; lastKnownFileType = sourcecode.swift; path = RegisterVC.swift; sourceTree = "<group>"; };
		A5D579371B56943D006098EA /* RegisterVC.xib */ = {isa = PBXFileReference; fileEncoding = 4; lastKnownFileType = file.xib; path = RegisterVC.xib; sourceTree = "<group>"; };
		A5D5793E1B5695E4006098EA /* RequestVC.swift */ = {isa = PBXFileReference; fileEncoding = 4; lastKnownFileType = sourcecode.swift; path = RequestVC.swift; sourceTree = "<group>"; };
		A5D5793F1B5695E4006098EA /* RequestVC.xib */ = {isa = PBXFileReference; fileEncoding = 4; lastKnownFileType = file.xib; path = RequestVC.xib; sourceTree = "<group>"; };
		ABA1AE311B5417AA00467491 /* AgendamentoCirurgia.app */ = {isa = PBXFileReference; explicitFileType = wrapper.application; includeInIndex = 0; path = AgendamentoCirurgia.app; sourceTree = BUILT_PRODUCTS_DIR; };
		ABA1AE351B5417AA00467491 /* Info.plist */ = {isa = PBXFileReference; lastKnownFileType = text.plist.xml; path = Info.plist; sourceTree = "<group>"; };
		ABA1AE361B5417AA00467491 /* AppDelegate.swift */ = {isa = PBXFileReference; lastKnownFileType = sourcecode.swift; path = AppDelegate.swift; sourceTree = "<group>"; };
		ABA1AE3B1B5417AA00467491 /* Base */ = {isa = PBXFileReference; lastKnownFileType = file.storyboard; name = Base; path = Base.lproj/Main.storyboard; sourceTree = "<group>"; };
		ABA1AE3D1B5417AA00467491 /* Images.xcassets */ = {isa = PBXFileReference; lastKnownFileType = folder.assetcatalog; path = Images.xcassets; sourceTree = "<group>"; };
		ABA1AE401B5417AA00467491 /* Base */ = {isa = PBXFileReference; lastKnownFileType = file.xib; name = Base; path = Base.lproj/LaunchScreen.xib; sourceTree = "<group>"; };
		ABA1AE461B5417AA00467491 /* AgendamentoCirurgiaTests.xctest */ = {isa = PBXFileReference; explicitFileType = wrapper.cfbundle; includeInIndex = 0; path = AgendamentoCirurgiaTests.xctest; sourceTree = BUILT_PRODUCTS_DIR; };
		ABA1AE4B1B5417AA00467491 /* Info.plist */ = {isa = PBXFileReference; lastKnownFileType = text.plist.xml; path = Info.plist; sourceTree = "<group>"; };
		ABA1AE4C1B5417AA00467491 /* AgendamentoCirurgiaTests.swift */ = {isa = PBXFileReference; lastKnownFileType = sourcecode.swift; path = AgendamentoCirurgiaTests.swift; sourceTree = "<group>"; };
		ABFDFF291B5557EA00536CEF /* AudioToolbox.framework */ = {isa = PBXFileReference; lastKnownFileType = wrapper.framework; name = AudioToolbox.framework; path = System/Library/Frameworks/AudioToolbox.framework; sourceTree = SDKROOT; };
		ABFDFF2B1B5557F700536CEF /* CFNetwork.framework */ = {isa = PBXFileReference; lastKnownFileType = wrapper.framework; name = CFNetwork.framework; path = System/Library/Frameworks/CFNetwork.framework; sourceTree = SDKROOT; };
		ABFDFF2D1B55580300536CEF /* CoreGraphics.framework */ = {isa = PBXFileReference; lastKnownFileType = wrapper.framework; name = CoreGraphics.framework; path = System/Library/Frameworks/CoreGraphics.framework; sourceTree = SDKROOT; };
		ABFDFF2F1B55580D00536CEF /* CoreLocation.framework */ = {isa = PBXFileReference; lastKnownFileType = wrapper.framework; name = CoreLocation.framework; path = System/Library/Frameworks/CoreLocation.framework; sourceTree = SDKROOT; };
		ABFDFF311B55582800536CEF /* MobileCoreServices.framework */ = {isa = PBXFileReference; lastKnownFileType = wrapper.framework; name = MobileCoreServices.framework; path = System/Library/Frameworks/MobileCoreServices.framework; sourceTree = SDKROOT; };
		ABFDFF331B55583600536CEF /* QuartzCore.framework */ = {isa = PBXFileReference; lastKnownFileType = wrapper.framework; name = QuartzCore.framework; path = System/Library/Frameworks/QuartzCore.framework; sourceTree = SDKROOT; };
		ABFDFF351B55584200536CEF /* Security.framework */ = {isa = PBXFileReference; lastKnownFileType = wrapper.framework; name = Security.framework; path = System/Library/Frameworks/Security.framework; sourceTree = SDKROOT; };
		ABFDFF371B55585100536CEF /* StoreKit.framework */ = {isa = PBXFileReference; lastKnownFileType = wrapper.framework; name = StoreKit.framework; path = System/Library/Frameworks/StoreKit.framework; sourceTree = SDKROOT; };
		ABFDFF391B55585F00536CEF /* SystemConfiguration.framework */ = {isa = PBXFileReference; lastKnownFileType = wrapper.framework; name = SystemConfiguration.framework; path = System/Library/Frameworks/SystemConfiguration.framework; sourceTree = SDKROOT; };
		ABFDFF3B1B55586B00536CEF /* libz.dylib */ = {isa = PBXFileReference; lastKnownFileType = "compiled.mach-o.dylib"; name = libz.dylib; path = usr/lib/libz.dylib; sourceTree = SDKROOT; };
		ABFDFF3D1B55587B00536CEF /* libsqlite3.dylib */ = {isa = PBXFileReference; lastKnownFileType = "compiled.mach-o.dylib"; name = libsqlite3.dylib; path = usr/lib/libsqlite3.dylib; sourceTree = SDKROOT; };
		ABFDFF4F1B55646900536CEF /* Bolts.framework */ = {isa = PBXFileReference; lastKnownFileType = wrapper.framework; path = Bolts.framework; sourceTree = "<group>"; };
		ABFDFF501B55646900536CEF /* Parse.framework */ = {isa = PBXFileReference; lastKnownFileType = wrapper.framework; path = Parse.framework; sourceTree = "<group>"; };
/* End PBXFileReference section */

/* Begin PBXFrameworksBuildPhase section */
		ABA1AE2E1B5417AA00467491 /* Frameworks */ = {
			isa = PBXFrameworksBuildPhase;
			buildActionMask = 2147483647;
			files = (
				16DDBC731B61470800BB4225 /* CryptoSwift.framework in Frameworks */,
				ABFDFF3E1B55587B00536CEF /* libsqlite3.dylib in Frameworks */,
				ABFDFF3C1B55586B00536CEF /* libz.dylib in Frameworks */,
				ABFDFF3A1B55585F00536CEF /* SystemConfiguration.framework in Frameworks */,
				ABFDFF511B55646900536CEF /* Bolts.framework in Frameworks */,
				ABFDFF381B55585100536CEF /* StoreKit.framework in Frameworks */,
				ABFDFF361B55584200536CEF /* Security.framework in Frameworks */,
				ABFDFF521B55646900536CEF /* Parse.framework in Frameworks */,
				ABFDFF341B55583600536CEF /* QuartzCore.framework in Frameworks */,
				ABFDFF321B55582800536CEF /* MobileCoreServices.framework in Frameworks */,
				ABFDFF301B55580D00536CEF /* CoreLocation.framework in Frameworks */,
				ABFDFF2E1B55580300536CEF /* CoreGraphics.framework in Frameworks */,
				ABFDFF2C1B5557F700536CEF /* CFNetwork.framework in Frameworks */,
				ABFDFF2A1B5557EA00536CEF /* AudioToolbox.framework in Frameworks */,
			);
			runOnlyForDeploymentPostprocessing = 0;
		};
		ABA1AE431B5417AA00467491 /* Frameworks */ = {
			isa = PBXFrameworksBuildPhase;
			buildActionMask = 2147483647;
			files = (
			);
			runOnlyForDeploymentPostprocessing = 0;
		};
/* End PBXFrameworksBuildPhase section */

/* Begin PBXGroup section */
		1631556A1B5440BA00A4DCE9 /* Model */ = {
			isa = PBXGroup;
			children = (
				1631556D1B54411F00A4DCE9 /* RequestDAO.swift */,
				1631556F1B54414F00A4DCE9 /* DoctorDAO.swift */,
				163155711B54416900A4DCE9 /* RequestStatusType.swift */,
				163155731B54417700A4DCE9 /* Request.swift */,
				163155751B54418300A4DCE9 /* Doctor.swift */,
			);
			name = Model;
			sourceTree = "<group>";
		};
		1631556B1B5440C000A4DCE9 /* View */ = {
			isa = PBXGroup;
			children = (
				ABA1AE3A1B5417AA00467491 /* Main.storyboard */,
				A5D579371B56943D006098EA /* RegisterVC.xib */,
				A5D5793F1B5695E4006098EA /* RequestVC.xib */,
				3FD1A2AA1B569843005BC804 /* FeedVC.xib */,
				A50267391B56C43C00DA2B53 /* LoginVC.xib */,
				3F3EFC931B56EC7B00AC55BC /* RequestSumaryVC.xib */,
				ABA1AE3D1B5417AA00467491 /* Images.xcassets */,
			);
			name = View;
			sourceTree = "<group>";
		};
		1631556C1B5440C600A4DCE9 /* Controller */ = {
			isa = PBXGroup;
			children = (
				A5D579361B56943D006098EA /* RegisterVC.swift */,
				A5D5793E1B5695E4006098EA /* RequestVC.swift */,
				3FD1A2A91B569843005BC804 /* FeedVC.swift */,
				A50267381B56C43C00DA2B53 /* LoginVC.swift */,
				3F3EFC921B56EC7B00AC55BC /* RequestSumaryVC.swift */,
			);
			name = Controller;
			sourceTree = "<group>";
		};
		16DDBC661B61468900BB4225 /* Products */ = {
			isa = PBXGroup;
			children = (
				16DDBC6C1B61468A00BB4225 /* CryptoSwift.framework */,
				16DDBC6E1B61468A00BB4225 /* CryptoSwiftTests.xctest */,
			);
			name = Products;
			sourceTree = "<group>";
		};
		3F3EFC961B56ECA600AC55BC /* Frameworks */ = {
			isa = PBXGroup;
			children = (
				16DDBC651B61468900BB4225 /* CryptoSwift.xcodeproj */,
				ABFDFF3D1B55587B00536CEF /* libsqlite3.dylib */,
				ABFDFF3B1B55586B00536CEF /* libz.dylib */,
				ABFDFF391B55585F00536CEF /* SystemConfiguration.framework */,
				ABFDFF371B55585100536CEF /* StoreKit.framework */,
				ABFDFF351B55584200536CEF /* Security.framework */,
				ABFDFF331B55583600536CEF /* QuartzCore.framework */,
				ABFDFF311B55582800536CEF /* MobileCoreServices.framework */,
				ABFDFF2F1B55580D00536CEF /* CoreLocation.framework */,
				ABFDFF2D1B55580300536CEF /* CoreGraphics.framework */,
				ABFDFF2B1B5557F700536CEF /* CFNetwork.framework */,
				ABFDFF291B5557EA00536CEF /* AudioToolbox.framework */,
				ABFDFF4F1B55646900536CEF /* Bolts.framework */,
				ABFDFF501B55646900536CEF /* Parse.framework */,
			);
			name = Frameworks;
			sourceTree = "<group>";
		};
		ABA1AE281B5417AA00467491 = {
			isa = PBXGroup;
			children = (
				3F3EFC961B56ECA600AC55BC /* Frameworks */,
				ABA1AE331B5417AA00467491 /* AgendamentoCirurgia */,
				ABA1AE491B5417AA00467491 /* AgendamentoCirurgiaTests */,
				ABA1AE321B5417AA00467491 /* Products */,
			);
			sourceTree = "<group>";
		};
		ABA1AE321B5417AA00467491 /* Products */ = {
			isa = PBXGroup;
			children = (
				ABA1AE311B5417AA00467491 /* AgendamentoCirurgia.app */,
				ABA1AE461B5417AA00467491 /* AgendamentoCirurgiaTests.xctest */,
			);
			name = Products;
			sourceTree = "<group>";
		};
		ABA1AE331B5417AA00467491 /* AgendamentoCirurgia */ = {
			isa = PBXGroup;
			children = (
				1631556C1B5440C600A4DCE9 /* Controller */,
				1631556B1B5440C000A4DCE9 /* View */,
				1631556A1B5440BA00A4DCE9 /* Model */,
				ABA1AE341B5417AA00467491 /* Supporting Files */,
			);
			path = AgendamentoCirurgia;
			sourceTree = "<group>";
		};
		ABA1AE341B5417AA00467491 /* Supporting Files */ = {
			isa = PBXGroup;
			children = (
				ABA1AE361B5417AA00467491 /* AppDelegate.swift */,
				ABA1AE3F1B5417AA00467491 /* LaunchScreen.xib */,
				A50267371B56BAE900DA2B53 /* MyriadPro-Regular.otf */,
				968259661B56F0BB008A5872 /* LogoRedeDor.png */,
				ABA1AE351B5417AA00467491 /* Info.plist */,
				161409701B56F12C00680D9B /* Doctor.plist */,
				161409721B56F1D400680D9B /* Request.plist */,
			);
			name = "Supporting Files";
			sourceTree = "<group>";
		};
		ABA1AE491B5417AA00467491 /* AgendamentoCirurgiaTests */ = {
			isa = PBXGroup;
			children = (
				ABA1AE4C1B5417AA00467491 /* AgendamentoCirurgiaTests.swift */,
				ABA1AE4A1B5417AA00467491 /* Supporting Files */,
			);
			path = AgendamentoCirurgiaTests;
			sourceTree = "<group>";
		};
		ABA1AE4A1B5417AA00467491 /* Supporting Files */ = {
			isa = PBXGroup;
			children = (
				ABA1AE4B1B5417AA00467491 /* Info.plist */,
			);
			name = "Supporting Files";
			sourceTree = "<group>";
		};
/* End PBXGroup section */

/* Begin PBXNativeTarget section */
		ABA1AE301B5417AA00467491 /* AgendamentoCirurgia */ = {
			isa = PBXNativeTarget;
			buildConfigurationList = ABA1AE501B5417AA00467491 /* Build configuration list for PBXNativeTarget "AgendamentoCirurgia" */;
			buildPhases = (
				ABA1AE2D1B5417AA00467491 /* Sources */,
				ABA1AE2E1B5417AA00467491 /* Frameworks */,
				ABA1AE2F1B5417AA00467491 /* Resources */,
			);
			buildRules = (
			);
			dependencies = (
			);
			name = AgendamentoCirurgia;
			productName = AgendamentoCirurgia;
			productReference = ABA1AE311B5417AA00467491 /* AgendamentoCirurgia.app */;
			productType = "com.apple.product-type.application";
		};
		ABA1AE451B5417AA00467491 /* AgendamentoCirurgiaTests */ = {
			isa = PBXNativeTarget;
			buildConfigurationList = ABA1AE531B5417AA00467491 /* Build configuration list for PBXNativeTarget "AgendamentoCirurgiaTests" */;
			buildPhases = (
				ABA1AE421B5417AA00467491 /* Sources */,
				ABA1AE431B5417AA00467491 /* Frameworks */,
				ABA1AE441B5417AA00467491 /* Resources */,
			);
			buildRules = (
			);
			dependencies = (
				ABA1AE481B5417AA00467491 /* PBXTargetDependency */,
			);
			name = AgendamentoCirurgiaTests;
			productName = AgendamentoCirurgiaTests;
			productReference = ABA1AE461B5417AA00467491 /* AgendamentoCirurgiaTests.xctest */;
			productType = "com.apple.product-type.bundle.unit-test";
		};
/* End PBXNativeTarget section */

/* Begin PBXProject section */
		ABA1AE291B5417AA00467491 /* Project object */ = {
			isa = PBXProject;
			attributes = {
				LastUpgradeCheck = 0640;
				ORGANIZATIONNAME = BEPiD;
				TargetAttributes = {
					ABA1AE301B5417AA00467491 = {
						CreatedOnToolsVersion = 6.3.2;
						DevelopmentTeam = F7YH772BT6;
					};
					ABA1AE451B5417AA00467491 = {
						CreatedOnToolsVersion = 6.3.2;
						TestTargetID = ABA1AE301B5417AA00467491;
					};
				};
			};
			buildConfigurationList = ABA1AE2C1B5417AA00467491 /* Build configuration list for PBXProject "AgendamentoCirurgia" */;
			compatibilityVersion = "Xcode 3.2";
			developmentRegion = English;
			hasScannedForEncodings = 0;
			knownRegions = (
				en,
				Base,
			);
			mainGroup = ABA1AE281B5417AA00467491;
			productRefGroup = ABA1AE321B5417AA00467491 /* Products */;
			projectDirPath = "";
			projectReferences = (
				{
					ProductGroup = 16DDBC661B61468900BB4225 /* Products */;
					ProjectRef = 16DDBC651B61468900BB4225 /* CryptoSwift.xcodeproj */;
				},
			);
			projectRoot = "";
			targets = (
				ABA1AE301B5417AA00467491 /* AgendamentoCirurgia */,
				ABA1AE451B5417AA00467491 /* AgendamentoCirurgiaTests */,
			);
		};
/* End PBXProject section */

/* Begin PBXReferenceProxy section */
		16DDBC6C1B61468A00BB4225 /* CryptoSwift.framework */ = {
			isa = PBXReferenceProxy;
			fileType = wrapper.framework;
			path = CryptoSwift.framework;
			remoteRef = 16DDBC6B1B61468A00BB4225 /* PBXContainerItemProxy */;
			sourceTree = BUILT_PRODUCTS_DIR;
		};
		16DDBC6E1B61468A00BB4225 /* CryptoSwiftTests.xctest */ = {
			isa = PBXReferenceProxy;
			fileType = wrapper.cfbundle;
			path = CryptoSwiftTests.xctest;
			remoteRef = 16DDBC6D1B61468A00BB4225 /* PBXContainerItemProxy */;
			sourceTree = BUILT_PRODUCTS_DIR;
		};
/* End PBXReferenceProxy section */

/* Begin PBXResourcesBuildPhase section */
		ABA1AE2F1B5417AA00467491 /* Resources */ = {
			isa = PBXResourcesBuildPhase;
			buildActionMask = 2147483647;
			files = (
				3FD1A2AC1B569843005BC804 /* FeedVC.xib in Resources */,
				ABA1AE3C1B5417AA00467491 /* Main.storyboard in Resources */,
				161409731B56F1D400680D9B /* Request.plist in Resources */,
				ABA1AE411B5417AA00467491 /* LaunchScreen.xib in Resources */,
				968259671B56F0BB008A5872 /* LogoRedeDor.png in Resources */,
				ABA1AE3E1B5417AA00467491 /* Images.xcassets in Resources */,
				161409711B56F12C00680D9B /* Doctor.plist in Resources */,
				A5D579411B5695E4006098EA /* RequestVC.xib in Resources */,
				A502673B1B56C43C00DA2B53 /* LoginVC.xib in Resources */,
				A5D579391B56943D006098EA /* RegisterVC.xib in Resources */,
				3F3EFC951B56EC7B00AC55BC /* RequestSumaryVC.xib in Resources */,
			);
			runOnlyForDeploymentPostprocessing = 0;
		};
		ABA1AE441B5417AA00467491 /* Resources */ = {
			isa = PBXResourcesBuildPhase;
			buildActionMask = 2147483647;
			files = (
			);
			runOnlyForDeploymentPostprocessing = 0;
		};
/* End PBXResourcesBuildPhase section */

/* Begin PBXSourcesBuildPhase section */
		ABA1AE2D1B5417AA00467491 /* Sources */ = {
			isa = PBXSourcesBuildPhase;
			buildActionMask = 2147483647;
			files = (
				3FD1A2AB1B569843005BC804 /* FeedVC.swift in Sources */,
				1631556E1B54411F00A4DCE9 /* RequestDAO.swift in Sources */,
				A502673A1B56C43C00DA2B53 /* LoginVC.swift in Sources */,
				163155761B54418300A4DCE9 /* Doctor.swift in Sources */,
				A5D579401B5695E4006098EA /* RequestVC.swift in Sources */,
				163155701B54414F00A4DCE9 /* DoctorDAO.swift in Sources */,
				163155721B54416900A4DCE9 /* RequestStatusType.swift in Sources */,
				A5D579381B56943D006098EA /* RegisterVC.swift in Sources */,
				163155741B54417700A4DCE9 /* Request.swift in Sources */,
				3F3EFC941B56EC7B00AC55BC /* RequestSumaryVC.swift in Sources */,
				ABA1AE371B5417AA00467491 /* AppDelegate.swift in Sources */,
			);
			runOnlyForDeploymentPostprocessing = 0;
		};
		ABA1AE421B5417AA00467491 /* Sources */ = {
			isa = PBXSourcesBuildPhase;
			buildActionMask = 2147483647;
			files = (
				ABA1AE4D1B5417AA00467491 /* AgendamentoCirurgiaTests.swift in Sources */,
			);
			runOnlyForDeploymentPostprocessing = 0;
		};
/* End PBXSourcesBuildPhase section */

/* Begin PBXTargetDependency section */
		ABA1AE481B5417AA00467491 /* PBXTargetDependency */ = {
			isa = PBXTargetDependency;
			target = ABA1AE301B5417AA00467491 /* AgendamentoCirurgia */;
			targetProxy = ABA1AE471B5417AA00467491 /* PBXContainerItemProxy */;
		};
/* End PBXTargetDependency section */

/* Begin PBXVariantGroup section */
		ABA1AE3A1B5417AA00467491 /* Main.storyboard */ = {
			isa = PBXVariantGroup;
			children = (
				ABA1AE3B1B5417AA00467491 /* Base */,
			);
			name = Main.storyboard;
			sourceTree = "<group>";
		};
		ABA1AE3F1B5417AA00467491 /* LaunchScreen.xib */ = {
			isa = PBXVariantGroup;
			children = (
				ABA1AE401B5417AA00467491 /* Base */,
			);
			name = LaunchScreen.xib;
			sourceTree = "<group>";
		};
/* End PBXVariantGroup section */

/* Begin XCBuildConfiguration section */
		ABA1AE4E1B5417AA00467491 /* Debug */ = {
			isa = XCBuildConfiguration;
			buildSettings = {
				ALWAYS_SEARCH_USER_PATHS = NO;
				CLANG_CXX_LANGUAGE_STANDARD = "gnu++0x";
				CLANG_CXX_LIBRARY = "libc++";
				CLANG_ENABLE_MODULES = YES;
				CLANG_ENABLE_OBJC_ARC = YES;
				CLANG_WARN_BOOL_CONVERSION = YES;
				CLANG_WARN_CONSTANT_CONVERSION = YES;
				CLANG_WARN_DIRECT_OBJC_ISA_USAGE = YES_ERROR;
				CLANG_WARN_EMPTY_BODY = YES;
				CLANG_WARN_ENUM_CONVERSION = YES;
				CLANG_WARN_INT_CONVERSION = YES;
				CLANG_WARN_OBJC_ROOT_CLASS = YES_ERROR;
				CLANG_WARN_UNREACHABLE_CODE = YES;
				CLANG_WARN__DUPLICATE_METHOD_MATCH = YES;
				"CODE_SIGN_IDENTITY[sdk=iphoneos*]" = "iPhone Developer";
				COPY_PHASE_STRIP = NO;
				DEBUG_INFORMATION_FORMAT = "dwarf-with-dsym";
				ENABLE_STRICT_OBJC_MSGSEND = YES;
				GCC_C_LANGUAGE_STANDARD = gnu99;
				GCC_DYNAMIC_NO_PIC = NO;
				GCC_NO_COMMON_BLOCKS = YES;
				GCC_OPTIMIZATION_LEVEL = 0;
				GCC_PREPROCESSOR_DEFINITIONS = (
					"DEBUG=1",
					"$(inherited)",
				);
				GCC_SYMBOLS_PRIVATE_EXTERN = NO;
				GCC_WARN_64_TO_32_BIT_CONVERSION = YES;
				GCC_WARN_ABOUT_RETURN_TYPE = YES_ERROR;
				GCC_WARN_UNDECLARED_SELECTOR = YES;
				GCC_WARN_UNINITIALIZED_AUTOS = YES_AGGRESSIVE;
				GCC_WARN_UNUSED_FUNCTION = YES;
				GCC_WARN_UNUSED_VARIABLE = YES;
				IPHONEOS_DEPLOYMENT_TARGET = 8.4;
				MTL_ENABLE_DEBUG_INFO = YES;
				ONLY_ACTIVE_ARCH = YES;
				SDKROOT = iphoneos;
				SWIFT_OPTIMIZATION_LEVEL = "-Onone";
				TARGETED_DEVICE_FAMILY = "1,2";
			};
			name = Debug;
		};
		ABA1AE4F1B5417AA00467491 /* Release */ = {
			isa = XCBuildConfiguration;
			buildSettings = {
				ALWAYS_SEARCH_USER_PATHS = NO;
				CLANG_CXX_LANGUAGE_STANDARD = "gnu++0x";
				CLANG_CXX_LIBRARY = "libc++";
				CLANG_ENABLE_MODULES = YES;
				CLANG_ENABLE_OBJC_ARC = YES;
				CLANG_WARN_BOOL_CONVERSION = YES;
				CLANG_WARN_CONSTANT_CONVERSION = YES;
				CLANG_WARN_DIRECT_OBJC_ISA_USAGE = YES_ERROR;
				CLANG_WARN_EMPTY_BODY = YES;
				CLANG_WARN_ENUM_CONVERSION = YES;
				CLANG_WARN_INT_CONVERSION = YES;
				CLANG_WARN_OBJC_ROOT_CLASS = YES_ERROR;
				CLANG_WARN_UNREACHABLE_CODE = YES;
				CLANG_WARN__DUPLICATE_METHOD_MATCH = YES;
				"CODE_SIGN_IDENTITY[sdk=iphoneos*]" = "iPhone Developer";
				COPY_PHASE_STRIP = NO;
				DEBUG_INFORMATION_FORMAT = "dwarf-with-dsym";
				ENABLE_NS_ASSERTIONS = NO;
				ENABLE_STRICT_OBJC_MSGSEND = YES;
				GCC_C_LANGUAGE_STANDARD = gnu99;
				GCC_NO_COMMON_BLOCKS = YES;
				GCC_WARN_64_TO_32_BIT_CONVERSION = YES;
				GCC_WARN_ABOUT_RETURN_TYPE = YES_ERROR;
				GCC_WARN_UNDECLARED_SELECTOR = YES;
				GCC_WARN_UNINITIALIZED_AUTOS = YES_AGGRESSIVE;
				GCC_WARN_UNUSED_FUNCTION = YES;
				GCC_WARN_UNUSED_VARIABLE = YES;
				IPHONEOS_DEPLOYMENT_TARGET = 8.4;
				MTL_ENABLE_DEBUG_INFO = NO;
				ONLY_ACTIVE_ARCH = NO;
				SDKROOT = iphoneos;
				TARGETED_DEVICE_FAMILY = "1,2";
				VALIDATE_PRODUCT = YES;
			};
			name = Release;
		};
		ABA1AE511B5417AA00467491 /* Debug */ = {
			isa = XCBuildConfiguration;
			buildSettings = {
				ASSETCATALOG_COMPILER_APPICON_NAME = AppIcon;
				CODE_SIGN_IDENTITY = "iPhone Developer";
				"CODE_SIGN_IDENTITY[sdk=iphoneos*]" = "iPhone Developer";
				FRAMEWORK_SEARCH_PATHS = (
					"$(inherited)",
					"$(PROJECT_DIR)/parse-library-1",
					"$(PROJECT_DIR)",
				);
				INFOPLIST_FILE = AgendamentoCirurgia/Info.plist;
				IPHONEOS_DEPLOYMENT_TARGET = 8.2;
				LD_RUNPATH_SEARCH_PATHS = "$(inherited) @executable_path/Frameworks";
				PRODUCT_NAME = "$(TARGET_NAME)";
				PROVISIONING_PROFILE = "";
				TARGETED_DEVICE_FAMILY = 2;
			};
			name = Debug;
		};
		ABA1AE521B5417AA00467491 /* Release */ = {
			isa = XCBuildConfiguration;
			buildSettings = {
				ASSETCATALOG_COMPILER_APPICON_NAME = AppIcon;
				CODE_SIGN_IDENTITY = "iPhone Developer";
				"CODE_SIGN_IDENTITY[sdk=iphoneos*]" = "iPhone Developer";
				FRAMEWORK_SEARCH_PATHS = (
					"$(inherited)",
					"$(PROJECT_DIR)/parse-library-1",
					"$(PROJECT_DIR)",
				);
				INFOPLIST_FILE = AgendamentoCirurgia/Info.plist;
				IPHONEOS_DEPLOYMENT_TARGET = 8.2;
				LD_RUNPATH_SEARCH_PATHS = "$(inherited) @executable_path/Frameworks";
				PRODUCT_NAME = "$(TARGET_NAME)";
				PROVISIONING_PROFILE = "";
				TARGETED_DEVICE_FAMILY = 2;
			};
			name = Release;
		};
		ABA1AE541B5417AA00467491 /* Debug */ = {
			isa = XCBuildConfiguration;
			buildSettings = {
				BUNDLE_LOADER = "$(TEST_HOST)";
				FRAMEWORK_SEARCH_PATHS = (
					"$(SDKROOT)/Developer/Library/Frameworks",
					"$(inherited)",
				);
				GCC_PREPROCESSOR_DEFINITIONS = (
					"DEBUG=1",
					"$(inherited)",
				);
				INFOPLIST_FILE = AgendamentoCirurgiaTests/Info.plist;
				LD_RUNPATH_SEARCH_PATHS = "$(inherited) @executable_path/Frameworks @loader_path/Frameworks";
				PRODUCT_NAME = "$(TARGET_NAME)";
				TEST_HOST = "$(BUILT_PRODUCTS_DIR)/AgendamentoCirurgia.app/AgendamentoCirurgia";
			};
			name = Debug;
		};
		ABA1AE551B5417AA00467491 /* Release */ = {
			isa = XCBuildConfiguration;
			buildSettings = {
				BUNDLE_LOADER = "$(TEST_HOST)";
				FRAMEWORK_SEARCH_PATHS = (
					"$(SDKROOT)/Developer/Library/Frameworks",
					"$(inherited)",
				);
				INFOPLIST_FILE = AgendamentoCirurgiaTests/Info.plist;
				LD_RUNPATH_SEARCH_PATHS = "$(inherited) @executable_path/Frameworks @loader_path/Frameworks";
				PRODUCT_NAME = "$(TARGET_NAME)";
				TEST_HOST = "$(BUILT_PRODUCTS_DIR)/AgendamentoCirurgia.app/AgendamentoCirurgia";
			};
			name = Release;
		};
/* End XCBuildConfiguration section */

/* Begin XCConfigurationList section */
		ABA1AE2C1B5417AA00467491 /* Build configuration list for PBXProject "AgendamentoCirurgia" */ = {
			isa = XCConfigurationList;
			buildConfigurations = (
				ABA1AE4E1B5417AA00467491 /* Debug */,
				ABA1AE4F1B5417AA00467491 /* Release */,
			);
			defaultConfigurationIsVisible = 0;
			defaultConfigurationName = Release;
		};
		ABA1AE501B5417AA00467491 /* Build configuration list for PBXNativeTarget "AgendamentoCirurgia" */ = {
			isa = XCConfigurationList;
			buildConfigurations = (
				ABA1AE511B5417AA00467491 /* Debug */,
				ABA1AE521B5417AA00467491 /* Release */,
			);
			defaultConfigurationIsVisible = 0;
			defaultConfigurationName = Release;
		};
		ABA1AE531B5417AA00467491 /* Build configuration list for PBXNativeTarget "AgendamentoCirurgiaTests" */ = {
			isa = XCConfigurationList;
			buildConfigurations = (
				ABA1AE541B5417AA00467491 /* Debug */,
				ABA1AE551B5417AA00467491 /* Release */,
			);
			defaultConfigurationIsVisible = 0;
			defaultConfigurationName = Release;
		};
/* End XCConfigurationList section */
	};
	rootObject = ABA1AE291B5417AA00467491 /* Project object */;
}
